// !$*UTF8*$!
{
	archiveVersion = 1;
	classes = {
	};
	objectVersion = 46;
	objects = {

/* Begin PBXBuildFile section */
		1B30B7E01C15EAF6008C0657 /* AppDelegate.swift in Sources */ = {isa = PBXBuildFile; fileRef = 1B30B7DF1C15EAF6008C0657 /* AppDelegate.swift */; };
		1B30B7E21C15EAF6008C0657 /* ViewController.swift in Sources */ = {isa = PBXBuildFile; fileRef = 1B30B7E11C15EAF6008C0657 /* ViewController.swift */; };
		1B30B7E51C15EAF6008C0657 /* Main.storyboard in Resources */ = {isa = PBXBuildFile; fileRef = 1B30B7E31C15EAF6008C0657 /* Main.storyboard */; };
		1B30B7E71C15EAF6008C0657 /* Assets.xcassets in Resources */ = {isa = PBXBuildFile; fileRef = 1B30B7E61C15EAF6008C0657 /* Assets.xcassets */; };
		1B30B7EA1C15EAF6008C0657 /* LaunchScreen.storyboard in Resources */ = {isa = PBXBuildFile; fileRef = 1B30B7E81C15EAF6008C0657 /* LaunchScreen.storyboard */; };
		1B30B7F51C15EAF7008C0657 /* BracketBakerTests.swift in Sources */ = {isa = PBXBuildFile; fileRef = 1B30B7F41C15EAF7008C0657 /* BracketBakerTests.swift */; };
		1B30B8001C15EAF7008C0657 /* BracketBakerUITests.swift in Sources */ = {isa = PBXBuildFile; fileRef = 1B30B7FF1C15EAF7008C0657 /* BracketBakerUITests.swift */; };
/* End PBXBuildFile section */

/* Begin PBXContainerItemProxy section */
		1B30B7F11C15EAF7008C0657 /* PBXContainerItemProxy */ = {
			isa = PBXContainerItemProxy;
			containerPortal = 1B30B7D41C15EAF6008C0657 /* Project object */;
			proxyType = 1;
			remoteGlobalIDString = 1B30B7DB1C15EAF6008C0657;
			remoteInfo = BracketBaker;
		};
		1B30B7FC1C15EAF7008C0657 /* PBXContainerItemProxy */ = {
			isa = PBXContainerItemProxy;
			containerPortal = 1B30B7D41C15EAF6008C0657 /* Project object */;
			proxyType = 1;
			remoteGlobalIDString = 1B30B7DB1C15EAF6008C0657;
			remoteInfo = BracketBaker;
		};
/* End PBXContainerItemProxy section */

/* Begin PBXFileReference section */
		1B30B7DC1C15EAF6008C0657 /* BracketBaker.app */ = {isa = PBXFileReference; explicitFileType = wrapper.application; includeInIndex = 0; path = BracketBaker.app; sourceTree = BUILT_PRODUCTS_DIR; };
		1B30B7DF1C15EAF6008C0657 /* AppDelegate.swift */ = {isa = PBXFileReference; lastKnownFileType = sourcecode.swift; path = AppDelegate.swift; sourceTree = "<group>"; };
		1B30B7E11C15EAF6008C0657 /* ViewController.swift */ = {isa = PBXFileReference; lastKnownFileType = sourcecode.swift; path = ViewController.swift; sourceTree = "<group>"; };
		1B30B7E41C15EAF6008C0657 /* Base */ = {isa = PBXFileReference; lastKnownFileType = file.storyboard; name = Base; path = Base.lproj/Main.storyboard; sourceTree = "<group>"; };
		1B30B7E61C15EAF6008C0657 /* Assets.xcassets */ = {isa = PBXFileReference; lastKnownFileType = folder.assetcatalog; path = Assets.xcassets; sourceTree = "<group>"; };
		1B30B7E91C15EAF6008C0657 /* Base */ = {isa = PBXFileReference; lastKnownFileType = file.storyboard; name = Base; path = Base.lproj/LaunchScreen.storyboard; sourceTree = "<group>"; };
		1B30B7EB1C15EAF6008C0657 /* Info.plist */ = {isa = PBXFileReference; lastKnownFileType = text.plist.xml; path = Info.plist; sourceTree = "<group>"; };
		1B30B7F01C15EAF7008C0657 /* BracketBakerTests.xctest */ = {isa = PBXFileReference; explicitFileType = wrapper.cfbundle; includeInIndex = 0; path = BracketBakerTests.xctest; sourceTree = BUILT_PRODUCTS_DIR; };
		1B30B7F41C15EAF7008C0657 /* BracketBakerTests.swift */ = {isa = PBXFileReference; lastKnownFileType = sourcecode.swift; path = BracketBakerTests.swift; sourceTree = "<group>"; };
		1B30B7F61C15EAF7008C0657 /* Info.plist */ = {isa = PBXFileReference; lastKnownFileType = text.plist.xml; path = Info.plist; sourceTree = "<group>"; };
		1B30B7FB1C15EAF7008C0657 /* BracketBakerUITests.xctest */ = {isa = PBXFileReference; explicitFileType = wrapper.cfbundle; includeInIndex = 0; path = BracketBakerUITests.xctest; sourceTree = BUILT_PRODUCTS_DIR; };
		1B30B7FF1C15EAF7008C0657 /* BracketBakerUITests.swift */ = {isa = PBXFileReference; lastKnownFileType = sourcecode.swift; path = BracketBakerUITests.swift; sourceTree = "<group>"; };
		1B30B8011C15EAF7008C0657 /* Info.plist */ = {isa = PBXFileReference; lastKnownFileType = text.plist.xml; path = Info.plist; sourceTree = "<group>"; };
/* End PBXFileReference section */

/* Begin PBXFrameworksBuildPhase section */
		1B30B7D91C15EAF6008C0657 /* Frameworks */ = {
			isa = PBXFrameworksBuildPhase;
			buildActionMask = 2147483647;
			files = (
			);
			runOnlyForDeploymentPostprocessing = 0;
		};
		1B30B7ED1C15EAF7008C0657 /* Frameworks */ = {
			isa = PBXFrameworksBuildPhase;
			buildActionMask = 2147483647;
			files = (
			);
			runOnlyForDeploymentPostprocessing = 0;
		};
		1B30B7F81C15EAF7008C0657 /* Frameworks */ = {
			isa = PBXFrameworksBuildPhase;
			buildActionMask = 2147483647;
			files = (
			);
			runOnlyForDeploymentPostprocessing = 0;
		};
/* End PBXFrameworksBuildPhase section */

/* Begin PBXGroup section */
		1B30B7D31C15EAF6008C0657 = {
			isa = PBXGroup;
			children = (
				1B30B7DE1C15EAF6008C0657 /* BracketBaker */,
				1B30B7F31C15EAF7008C0657 /* BracketBakerTests */,
				1B30B7FE1C15EAF7008C0657 /* BracketBakerUITests */,
				1B30B7DD1C15EAF6008C0657 /* Products */,
			);
			sourceTree = "<group>";
		};
		1B30B7DD1C15EAF6008C0657 /* Products */ = {
			isa = PBXGroup;
			children = (
				1B30B7DC1C15EAF6008C0657 /* BracketBaker.app */,
				1B30B7F01C15EAF7008C0657 /* BracketBakerTests.xctest */,
				1B30B7FB1C15EAF7008C0657 /* BracketBakerUITests.xctest */,
			);
			name = Products;
			sourceTree = "<group>";
		};
		1B30B7DE1C15EAF6008C0657 /* BracketBaker */ = {
			isa = PBXGroup;
			children = (
				1B30B7DF1C15EAF6008C0657 /* AppDelegate.swift */,
				1B30B7E11C15EAF6008C0657 /* ViewController.swift */,
				1B30B7E31C15EAF6008C0657 /* Main.storyboard */,
				1B30B7E61C15EAF6008C0657 /* Assets.xcassets */,
				1B30B7E81C15EAF6008C0657 /* LaunchScreen.storyboard */,
				1B30B7EB1C15EAF6008C0657 /* Info.plist */,
			);
			path = BracketBaker;
			sourceTree = "<group>";
		};
		1B30B7F31C15EAF7008C0657 /* BracketBakerTests */ = {
			isa = PBXGroup;
			children = (
				1B30B7F41C15EAF7008C0657 /* BracketBakerTests.swift */,
				1B30B7F61C15EAF7008C0657 /* Info.plist */,
			);
			path = BracketBakerTests;
			sourceTree = "<group>";
		};
		1B30B7FE1C15EAF7008C0657 /* BracketBakerUITests */ = {
			isa = PBXGroup;
			children = (
				1B30B7FF1C15EAF7008C0657 /* BracketBakerUITests.swift */,
				1B30B8011C15EAF7008C0657 /* Info.plist */,
			);
			path = BracketBakerUITests;
			sourceTree = "<group>";
		};
/* End PBXGroup section */

/* Begin PBXNativeTarget section */
		1B30B7DB1C15EAF6008C0657 /* BracketBaker */ = {
			isa = PBXNativeTarget;
			buildConfigurationList = 1B30B8041C15EAF7008C0657 /* Build configuration list for PBXNativeTarget "BracketBaker" */;
			buildPhases = (
				1B30B7D81C15EAF6008C0657 /* Sources */,
				1B30B7D91C15EAF6008C0657 /* Frameworks */,
				1B30B7DA1C15EAF6008C0657 /* Resources */,
			);
			buildRules = (
			);
			dependencies = (
			);
			name = BracketBaker;
			productName = BracketBaker;
			productReference = 1B30B7DC1C15EAF6008C0657 /* BracketBaker.app */;
			productType = "com.apple.product-type.application";
		};
		1B30B7EF1C15EAF7008C0657 /* BracketBakerTests */ = {
			isa = PBXNativeTarget;
			buildConfigurationList = 1B30B8071C15EAF7008C0657 /* Build configuration list for PBXNativeTarget "BracketBakerTests" */;
			buildPhases = (
				1B30B7EC1C15EAF7008C0657 /* Sources */,
				1B30B7ED1C15EAF7008C0657 /* Frameworks */,
				1B30B7EE1C15EAF7008C0657 /* Resources */,
			);
			buildRules = (
			);
			dependencies = (
				1B30B7F21C15EAF7008C0657 /* PBXTargetDependency */,
			);
			name = BracketBakerTests;
			productName = BracketBakerTests;
			productReference = 1B30B7F01C15EAF7008C0657 /* BracketBakerTests.xctest */;
			productType = "com.apple.product-type.bundle.unit-test";
		};
		1B30B7FA1C15EAF7008C0657 /* BracketBakerUITests */ = {
			isa = PBXNativeTarget;
			buildConfigurationList = 1B30B80A1C15EAF7008C0657 /* Build configuration list for PBXNativeTarget "BracketBakerUITests" */;
			buildPhases = (
				1B30B7F71C15EAF7008C0657 /* Sources */,
				1B30B7F81C15EAF7008C0657 /* Frameworks */,
				1B30B7F91C15EAF7008C0657 /* Resources */,
			);
			buildRules = (
			);
			dependencies = (
				1B30B7FD1C15EAF7008C0657 /* PBXTargetDependency */,
			);
			name = BracketBakerUITests;
			productName = BracketBakerUITests;
			productReference = 1B30B7FB1C15EAF7008C0657 /* BracketBakerUITests.xctest */;
			productType = "com.apple.product-type.bundle.ui-testing";
		};
/* End PBXNativeTarget section */

/* Begin PBXProject section */
		1B30B7D41C15EAF6008C0657 /* Project object */ = {
			isa = PBXProject;
			attributes = {
				LastSwiftUpdateCheck = 0710;
				LastUpgradeCheck = 0710;
				ORGANIZATIONNAME = "Jason Gaare";
				TargetAttributes = {
					1B30B7DB1C15EAF6008C0657 = {
						CreatedOnToolsVersion = 7.1.1;
						DevelopmentTeam = WMRN875AGJ;
					};
					1B30B7EF1C15EAF7008C0657 = {
						CreatedOnToolsVersion = 7.1.1;
						TestTargetID = 1B30B7DB1C15EAF6008C0657;
					};
					1B30B7FA1C15EAF7008C0657 = {
						CreatedOnToolsVersion = 7.1.1;
						TestTargetID = 1B30B7DB1C15EAF6008C0657;
					};
				};
			};
			buildConfigurationList = 1B30B7D71C15EAF6008C0657 /* Build configuration list for PBXProject "BracketBaker" */;
			compatibilityVersion = "Xcode 3.2";
			developmentRegion = English;
			hasScannedForEncodings = 0;
			knownRegions = (
				en,
				Base,
			);
			mainGroup = 1B30B7D31C15EAF6008C0657;
			productRefGroup = 1B30B7DD1C15EAF6008C0657 /* Products */;
			projectDirPath = "";
			projectRoot = "";
			targets = (
				1B30B7DB1C15EAF6008C0657 /* BracketBaker */,
				1B30B7EF1C15EAF7008C0657 /* BracketBakerTests */,
				1B30B7FA1C15EAF7008C0657 /* BracketBakerUITests */,
			);
		};
/* End PBXProject section */

/* Begin PBXResourcesBuildPhase section */
		1B30B7DA1C15EAF6008C0657 /* Resources */ = {
			isa = PBXResourcesBuildPhase;
			buildActionMask = 2147483647;
			files = (
				1B30B7EA1C15EAF6008C0657 /* LaunchScreen.storyboard in Resources */,
				1B30B7E71C15EAF6008C0657 /* Assets.xcassets in Resources */,
				1B30B7E51C15EAF6008C0657 /* Main.storyboard in Resources */,
			);
			runOnlyForDeploymentPostprocessing = 0;
		};
		1B30B7EE1C15EAF7008C0657 /* Resources */ = {
			isa = PBXResourcesBuildPhase;
			buildActionMask = 2147483647;
			files = (
			);
			runOnlyForDeploymentPostprocessing = 0;
		};
		1B30B7F91C15EAF7008C0657 /* Resources */ = {
			isa = PBXResourcesBuildPhase;
			buildActionMask = 2147483647;
			files = (
			);
			runOnlyForDeploymentPostprocessing = 0;
		};
/* End PBXResourcesBuildPhase section */

/* Begin PBXSourcesBuildPhase section */
		1B30B7D81C15EAF6008C0657 /* Sources */ = {
			isa = PBXSourcesBuildPhase;
			buildActionMask = 2147483647;
			files = (
				1B30B7E21C15EAF6008C0657 /* ViewController.swift in Sources */,
				1B30B7E01C15EAF6008C0657 /* AppDelegate.swift in Sources */,
			);
			runOnlyForDeploymentPostprocessing = 0;
		};
		1B30B7EC1C15EAF7008C0657 /* Sources */ = {
			isa = PBXSourcesBuildPhase;
			buildActionMask = 2147483647;
			files = (
				1B30B7F51C15EAF7008C0657 /* BracketBakerTests.swift in Sources */,
			);
			runOnlyForDeploymentPostprocessing = 0;
		};
		1B30B7F71C15EAF7008C0657 /* Sources */ = {
			isa = PBXSourcesBuildPhase;
			buildActionMask = 2147483647;
			files = (
				1B30B8001C15EAF7008C0657 /* BracketBakerUITests.swift in Sources */,
			);
			runOnlyForDeploymentPostprocessing = 0;
		};
/* End PBXSourcesBuildPhase section */

/* Begin PBXTargetDependency section */
		1B30B7F21C15EAF7008C0657 /* PBXTargetDependency */ = {
			isa = PBXTargetDependency;
			target = 1B30B7DB1C15EAF6008C0657 /* BracketBaker */;
			targetProxy = 1B30B7F11C15EAF7008C0657 /* PBXContainerItemProxy */;
		};
		1B30B7FD1C15EAF7008C0657 /* PBXTargetDependency */ = {
			isa = PBXTargetDependency;
			target = 1B30B7DB1C15EAF6008C0657 /* BracketBaker */;
			targetProxy = 1B30B7FC1C15EAF7008C0657 /* PBXContainerItemProxy */;
		};
/* End PBXTargetDependency section */

/* Begin PBXVariantGroup section */
		1B30B7E31C15EAF6008C0657 /* Main.storyboard */ = {
			isa = PBXVariantGroup;
			children = (
				1B30B7E41C15EAF6008C0657 /* Base */,
			);
			name = Main.storyboard;
			sourceTree = "<group>";
		};
		1B30B7E81C15EAF6008C0657 /* LaunchScreen.storyboard */ = {
			isa = PBXVariantGroup;
			children = (
				1B30B7E91C15EAF6008C0657 /* Base */,
			);
			name = LaunchScreen.storyboard;
			sourceTree = "<group>";
		};
/* End PBXVariantGroup section */

/* Begin XCBuildConfiguration section */
		1B30B8021C15EAF7008C0657 /* Debug */ = {
			isa = XCBuildConfiguration;
			buildSettings = {
				ALWAYS_SEARCH_USER_PATHS = NO;
				CLANG_CXX_LANGUAGE_STANDARD = "gnu++0x";
				CLANG_CXX_LIBRARY = "libc++";
				CLANG_ENABLE_MODULES = YES;
				CLANG_ENABLE_OBJC_ARC = YES;
				CLANG_WARN_BOOL_CONVERSION = YES;
				CLANG_WARN_CONSTANT_CONVERSION = YES;
				CLANG_WARN_DIRECT_OBJC_ISA_USAGE = YES_ERROR;
				CLANG_WARN_EMPTY_BODY = YES;
				CLANG_WARN_ENUM_CONVERSION = YES;
				CLANG_WARN_INT_CONVERSION = YES;
				CLANG_WARN_OBJC_ROOT_CLASS = YES_ERROR;
				CLANG_WARN_UNREACHABLE_CODE = YES;
				CLANG_WARN__DUPLICATE_METHOD_MATCH = YES;
				"CODE_SIGN_IDENTITY[sdk=iphoneos*]" = "iPhone Developer";
				COPY_PHASE_STRIP = NO;
				DEBUG_INFORMATION_FORMAT = dwarf;
				ENABLE_STRICT_OBJC_MSGSEND = YES;
				ENABLE_TESTABILITY = YES;
				GCC_C_LANGUAGE_STANDARD = gnu99;
				GCC_DYNAMIC_NO_PIC = NO;
				GCC_NO_COMMON_BLOCKS = YES;
				GCC_OPTIMIZATION_LEVEL = 0;
				GCC_PREPROCESSOR_DEFINITIONS = (
					"DEBUG=1",
					"$(inherited)",
				);
				GCC_WARN_64_TO_32_BIT_CONVERSION = YES;
				GCC_WARN_ABOUT_RETURN_TYPE = YES_ERROR;
				GCC_WARN_UNDECLARED_SELECTOR = YES;
				GCC_WARN_UNINITIALIZED_AUTOS = YES_AGGRESSIVE;
				GCC_WARN_UNUSED_FUNCTION = YES;
				GCC_WARN_UNUSED_VARIABLE = YES;
				IPHONEOS_DEPLOYMENT_TARGET = 9.1;
				MTL_ENABLE_DEBUG_INFO = YES;
				ONLY_ACTIVE_ARCH = YES;
				SDKROOT = iphoneos;
				SWIFT_OPTIMIZATION_LEVEL = "-Onone";
				TARGETED_DEVICE_FAMILY = "1,2";
			};
			name = Debug;
		};
		1B30B8031C15EAF7008C0657 /* Release */ = {
			isa = XCBuildConfiguration;
			buildSettings = {
				ALWAYS_SEARCH_USER_PATHS = NO;
				CLANG_CXX_LANGUAGE_STANDARD = "gnu++0x";
				CLANG_CXX_LIBRARY = "libc++";
				CLANG_ENABLE_MODULES = YES;
				CLANG_ENABLE_OBJC_ARC = YES;
				CLANG_WARN_BOOL_CONVERSION = YES;
				CLANG_WARN_CONSTANT_CONVERSION = YES;
				CLANG_WARN_DIRECT_OBJC_ISA_USAGE = YES_ERROR;
				CLANG_WARN_EMPTY_BODY = YES;
				CLANG_WARN_ENUM_CONVERSION = YES;
				CLANG_WARN_INT_CONVERSION = YES;
				CLANG_WARN_OBJC_ROOT_CLASS = YES_ERROR;
				CLANG_WARN_UNREACHABLE_CODE = YES;
				CLANG_WARN__DUPLICATE_METHOD_MATCH = YES;
				"CODE_SIGN_IDENTITY[sdk=iphoneos*]" = "iPhone Developer";
				COPY_PHASE_STRIP = NO;
				DEBUG_INFORMATION_FORMAT = "dwarf-with-dsym";
				ENABLE_NS_ASSERTIONS = NO;
				ENABLE_STRICT_OBJC_MSGSEND = YES;
				GCC_C_LANGUAGE_STANDARD = gnu99;
				GCC_NO_COMMON_BLOCKS = YES;
				GCC_WARN_64_TO_32_BIT_CONVERSION = YES;
				GCC_WARN_ABOUT_RETURN_TYPE = YES_ERROR;
				GCC_WARN_UNDECLARED_SELECTOR = YES;
				GCC_WARN_UNINITIALIZED_AUTOS = YES_AGGRESSIVE;
				GCC_WARN_UNUSED_FUNCTION = YES;
				GCC_WARN_UNUSED_VARIABLE = YES;
				IPHONEOS_DEPLOYMENT_TARGET = 9.1;
				MTL_ENABLE_DEBUG_INFO = NO;
				SDKROOT = iphoneos;
				TARGETED_DEVICE_FAMILY = "1,2";
				VALIDATE_PRODUCT = YES;
			};
			name = Release;
		};
		1B30B8051C15EAF7008C0657 /* Debug */ = {
			isa = XCBuildConfiguration;
			buildSettings = {
				ASSETCATALOG_COMPILER_APPICON_NAME = AppIcon;
				CODE_SIGN_IDENTITY = "iPhone Developer";
				INFOPLIST_FILE = BracketBaker/Info.plist;
				LD_RUNPATH_SEARCH_PATHS = "$(inherited) @executable_path/Frameworks";
				PRODUCT_BUNDLE_IDENTIFIER = com.jasongaare.BracketBaker;
				PRODUCT_NAME = "$(TARGET_NAME)";
			};
			name = Debug;
		};
		1B30B8061C15EAF7008C0657 /* Release */ = {
			isa = XCBuildConfiguration;
			buildSettings = {
				ASSETCATALOG_COMPILER_APPICON_NAME = AppIcon;
				CODE_SIGN_IDENTITY = "iPhone Developer";
				INFOPLIST_FILE = BracketBaker/Info.plist;
				LD_RUNPATH_SEARCH_PATHS = "$(inherited) @executable_path/Frameworks";
				PRODUCT_BUNDLE_IDENTIFIER = com.jasongaare.BracketBaker;
				PRODUCT_NAME = "$(TARGET_NAME)";
			};
			name = Release;
		};
		1B30B8081C15EAF7008C0657 /* Debug */ = {
			isa = XCBuildConfiguration;
			buildSettings = {
				BUNDLE_LOADER = "$(TEST_HOST)";
				INFOPLIST_FILE = BracketBakerTests/Info.plist;
				LD_RUNPATH_SEARCH_PATHS = "$(inherited) @executable_path/Frameworks @loader_path/Frameworks";
				PRODUCT_BUNDLE_IDENTIFIER = com.jasongaare.BracketBakerTests;
				PRODUCT_NAME = "$(TARGET_NAME)";
				TEST_HOST = "$(BUILT_PRODUCTS_DIR)/BracketBaker.app/BracketBaker";
			};
			name = Debug;
		};
		1B30B8091C15EAF7008C0657 /* Release */ = {
			isa = XCBuildConfiguration;
			buildSettings = {
				BUNDLE_LOADER = "$(TEST_HOST)";
				INFOPLIST_FILE = BracketBakerTests/Info.plist;
				LD_RUNPATH_SEARCH_PATHS = "$(inherited) @executable_path/Frameworks @loader_path/Frameworks";
				PRODUCT_BUNDLE_IDENTIFIER = com.jasongaare.BracketBakerTests;
				PRODUCT_NAME = "$(TARGET_NAME)";
				TEST_HOST = "$(BUILT_PRODUCTS_DIR)/BracketBaker.app/BracketBaker";
			};
			name = Release;
		};
		1B30B80B1C15EAF7008C0657 /* Debug */ = {
			isa = XCBuildConfiguration;
			buildSettings = {
				INFOPLIST_FILE = BracketBakerUITests/Info.plist;
				LD_RUNPATH_SEARCH_PATHS = "$(inherited) @executable_path/Frameworks @loader_path/Frameworks";
				PRODUCT_BUNDLE_IDENTIFIER = com.jasongaare.BracketBakerUITests;
				PRODUCT_NAME = "$(TARGET_NAME)";
				TEST_TARGET_NAME = BracketBaker;
				USES_XCTRUNNER = YES;
			};
			name = Debug;
		};
		1B30B80C1C15EAF7008C0657 /* Release */ = {
			isa = XCBuildConfiguration;
			buildSettings = {
				INFOPLIST_FILE = BracketBakerUITests/Info.plist;
				LD_RUNPATH_SEARCH_PATHS = "$(inherited) @executable_path/Frameworks @loader_path/Frameworks";
				PRODUCT_BUNDLE_IDENTIFIER = com.jasongaare.BracketBakerUITests;
				PRODUCT_NAME = "$(TARGET_NAME)";
				TEST_TARGET_NAME = BracketBaker;
				USES_XCTRUNNER = YES;
			};
			name = Release;
		};
/* End XCBuildConfiguration section */

/* Begin XCConfigurationList section */
		1B30B7D71C15EAF6008C0657 /* Build configuration list for PBXProject "BracketBaker" */ = {
			isa = XCConfigurationList;
			buildConfigurations = (
				1B30B8021C15EAF7008C0657 /* Debug */,
				1B30B8031C15EAF7008C0657 /* Release */,
			);
			defaultConfigurationIsVisible = 0;
			defaultConfigurationName = Release;
		};
		1B30B8041C15EAF7008C0657 /* Build configuration list for PBXNativeTarget "BracketBaker" */ = {
			isa = XCConfigurationList;
			buildConfigurations = (
				1B30B8051C15EAF7008C0657 /* Debug */,
				1B30B8061C15EAF7008C0657 /* Release */,
			);
			defaultConfigurationIsVisible = 0;
		};
		1B30B8071C15EAF7008C0657 /* Build configuration list for PBXNativeTarget "BracketBakerTests" */ = {
			isa = XCConfigurationList;
			buildConfigurations = (
				1B30B8081C15EAF7008C0657 /* Debug */,
				1B30B8091C15EAF7008C0657 /* Release */,
			);
			defaultConfigurationIsVisible = 0;
		};
		1B30B80A1C15EAF7008C0657 /* Build configuration list for PBXNativeTarget "BracketBakerUITests" */ = {
			isa = XCConfigurationList;
			buildConfigurations = (
				1B30B80B1C15EAF7008C0657 /* Debug */,
				1B30B80C1C15EAF7008C0657 /* Release */,
			);
			defaultConfigurationIsVisible = 0;
		};
/* End XCConfigurationList section */
	};
	rootObject = 1B30B7D41C15EAF6008C0657 /* Project object */;
}
